
Microsoft Visual Studio Solution File, Format Version 12.00
# Visual Studio Version 17
VisualStudioVersion = 17.14.36401.2 d17.14
MinimumVisualStudioVersion = 10.0.40219.1
Project("{FAE04EC0-301F-11D3-BF4B-00C04F79EFBC}") = "FizzBuzzTask", "FizzBuzzTask\FizzBuzzTask.csproj", "{9BCAB946-C726-4190-8210-1E983E25960F}"
EndProject
Project("{FAE04EC0-301F-11D3-BF4B-00C04F79EFBC}") = "FizzBuzzTask.Tests", "FizzBuzzTask.Tests\FizzBuzzTask.Tests.csproj", "{B2841574-96AD-4B9E-A624-698316EE7CA4}"
EndProject
Global
	GlobalSection(SolutionConfigurationPlatforms) = preSolution
		Debug|Any CPU = Debug|Any CPU
		Release|Any CPU = Release|Any CPU
	EndGlobalSection
	GlobalSection(ProjectConfigurationPlatforms) = postSolution
		{9BCAB946-C726-4190-8210-1E983E25960F}.Debug|Any CPU.ActiveCfg = Debug|Any CPU
		{9BCAB946-C726-4190-8210-1E983E25960F}.Debug|Any CPU.Build.0 = Debug|Any CPU
		{9BCAB946-C726-4190-8210-1E983E25960F}.Release|Any CPU.ActiveCfg = Release|Any CPU
		{9BCAB946-C726-4190-8210-1E983E25960F}.Release|Any CPU.Build.0 = Release|Any CPU
		{B2841574-96AD-4B9E-A624-698316EE7CA4}.Debug|Any CPU.ActiveCfg = Debug|Any CPU
		{B2841574-96AD-4B9E-A624-698316EE7CA4}.Debug|Any CPU.Build.0 = Debug|Any CPU
		{B2841574-96AD-4B9E-A624-698316EE7CA4}.Release|Any CPU.ActiveCfg = Release|Any CPU
		{B2841574-96AD-4B9E-A624-698316EE7CA4}.Release|Any CPU.Build.0 = Release|Any CPU
	EndGlobalSection
	GlobalSection(SolutionProperties) = preSolution
		HideSolutionNode = FALSE
	EndGlobalSection
	GlobalSection(ExtensibilityGlobals) = postSolution
		SolutionGuid = {8CFB37FC-2940-4D45-8834-4A976BF98EC5}
	EndGlobalSection
EndGlobal
